
Microsoft Visual Studio Solution File, Format Version 12.00
# Visual Studio 15
VisualStudioVersion = 15.0.27703.2018
MinimumVisualStudioVersion = 10.0.40219.1
Project("{FAE04EC0-301F-11D3-BF4B-00C04F79EFBC}") = "AutomattedTellerMachine", "AutomattedTellerMachine\AutomattedTellerMachine.csproj", "{9C24CEC2-9D98-4AD1-B965-E6E173CBFC7E}"
EndProject
Project("{FAE04EC0-301F-11D3-BF4B-00C04F79EFBC}") = "AutomattedTellerMachine.Tests", "AutomattedTellerMachine.Tests\AutomattedTellerMachine.Tests.csproj", "{1390E898-8B0F-4213-AF1A-B2F0627DB5C5}"
EndProject
Global
	GlobalSection(SolutionConfigurationPlatforms) = preSolution
		Debug|Any CPU = Debug|Any CPU
		Release|Any CPU = Release|Any CPU
	EndGlobalSection
	GlobalSection(ProjectConfigurationPlatforms) = postSolution
		{9C24CEC2-9D98-4AD1-B965-E6E173CBFC7E}.Debug|Any CPU.ActiveCfg = Debug|Any CPU
		{9C24CEC2-9D98-4AD1-B965-E6E173CBFC7E}.Debug|Any CPU.Build.0 = Debug|Any CPU
		{9C24CEC2-9D98-4AD1-B965-E6E173CBFC7E}.Release|Any CPU.ActiveCfg = Release|Any CPU
		{9C24CEC2-9D98-4AD1-B965-E6E173CBFC7E}.Release|Any CPU.Build.0 = Release|Any CPU
		{1390E898-8B0F-4213-AF1A-B2F0627DB5C5}.Debug|Any CPU.ActiveCfg = Debug|Any CPU
		{1390E898-8B0F-4213-AF1A-B2F0627DB5C5}.Debug|Any CPU.Build.0 = Debug|Any CPU
		{1390E898-8B0F-4213-AF1A-B2F0627DB5C5}.Release|Any CPU.ActiveCfg = Release|Any CPU
		{1390E898-8B0F-4213-AF1A-B2F0627DB5C5}.Release|Any CPU.Build.0 = Release|Any CPU
	EndGlobalSection
	GlobalSection(SolutionProperties) = preSolution
		HideSolutionNode = FALSE
	EndGlobalSection
	GlobalSection(ExtensibilityGlobals) = postSolution
		SolutionGuid = {C698EC0D-912F-4A68-A14E-C40CAAC24976}
	EndGlobalSection
EndGlobal
